
Microsoft Visual Studio Solution File, Format Version 12.00
# Visual Studio Version 17
VisualStudioVersion = 17.7.34009.444
MinimumVisualStudioVersion = 10.0.40219.1
Project("{FAE04EC0-301F-11D3-BF4B-00C04F79EFBC}") = "BadmintonManagement", "BadmintonManagement\BadmintonManagement.csproj", "{A2876E39-3743-43F8-AF41-3C5D26B1A6AB}"
EndProject
Global
	GlobalSection(SolutionConfigurationPlatforms) = preSolution
		Debug|Any CPU = Debug|Any CPU
		Release|Any CPU = Release|Any CPU
	EndGlobalSection
	GlobalSection(ProjectConfigurationPlatforms) = postSolution
		{A2876E39-3743-43F8-AF41-3C5D26B1A6AB}.Debug|Any CPU.ActiveCfg = Debug|Any CPU
		{A2876E39-3743-43F8-AF41-3C5D26B1A6AB}.Debug|Any CPU.Build.0 = Debug|Any CPU
		{A2876E39-3743-43F8-AF41-3C5D26B1A6AB}.Release|Any CPU.ActiveCfg = Release|Any CPU
		{A2876E39-3743-43F8-AF41-3C5D26B1A6AB}.Release|Any CPU.Build.0 = Release|Any CPU
	EndGlobalSection
	GlobalSection(SolutionProperties) = preSolution
		HideSolutionNode = FALSE
	EndGlobalSection
	GlobalSection(ExtensibilityGlobals) = postSolution
		SolutionGuid = {44D87E3C-E872-4EAC-8F8D-74E45A3E2DFA}
	EndGlobalSection
EndGlobal
